
Microsoft Visual Studio Solution File, Format Version 12.00
# Visual Studio Version 17
VisualStudioVersion = 17.3.32929.385
MinimumVisualStudioVersion = 10.0.40219.1
Project("{9A19103F-16F7-4668-BE54-9A1E7A4F7556}") = "MGichenko", "MGichenko\MGichenko.csproj", "{A27DF1BB-2622-4C2A-9BF7-EFAE431FB09A}"
EndProject
Project("{FAE04EC0-301F-11D3-BF4B-00C04F79EFBC}") = "MGichenko.DataAccess", "MGichenko.DataAccess\MGichenko.DataAccess.csproj", "{99D6AC43-4A99-44A3-9606-687E5815DDE4}"
EndProject
Project("{FAE04EC0-301F-11D3-BF4B-00C04F79EFBC}") = "MGichenko.Models", "MGichenko.Models\MGichenko.Models.csproj", "{2F88207C-1764-4DEC-A9D5-83FBA04B0124}"
EndProject
Project("{FAE04EC0-301F-11D3-BF4B-00C04F79EFBC}") = "MGichenko.Utility", "MGichenko.Utility\MGichenko.Utility.csproj", "{A3809BEA-CD4A-4183-828B-71DF583C7824}"
EndProject
Global
	GlobalSection(SolutionConfigurationPlatforms) = preSolution
		Debug|Any CPU = Debug|Any CPU
		Release|Any CPU = Release|Any CPU
	EndGlobalSection
	GlobalSection(ProjectConfigurationPlatforms) = postSolution
		{A27DF1BB-2622-4C2A-9BF7-EFAE431FB09A}.Debug|Any CPU.ActiveCfg = Debug|Any CPU
		{A27DF1BB-2622-4C2A-9BF7-EFAE431FB09A}.Debug|Any CPU.Build.0 = Debug|Any CPU
		{A27DF1BB-2622-4C2A-9BF7-EFAE431FB09A}.Release|Any CPU.ActiveCfg = Release|Any CPU
		{A27DF1BB-2622-4C2A-9BF7-EFAE431FB09A}.Release|Any CPU.Build.0 = Release|Any CPU
		{99D6AC43-4A99-44A3-9606-687E5815DDE4}.Debug|Any CPU.ActiveCfg = Debug|Any CPU
		{99D6AC43-4A99-44A3-9606-687E5815DDE4}.Debug|Any CPU.Build.0 = Debug|Any CPU
		{99D6AC43-4A99-44A3-9606-687E5815DDE4}.Release|Any CPU.ActiveCfg = Release|Any CPU
		{99D6AC43-4A99-44A3-9606-687E5815DDE4}.Release|Any CPU.Build.0 = Release|Any CPU
		{2F88207C-1764-4DEC-A9D5-83FBA04B0124}.Debug|Any CPU.ActiveCfg = Debug|Any CPU
		{2F88207C-1764-4DEC-A9D5-83FBA04B0124}.Debug|Any CPU.Build.0 = Debug|Any CPU
		{2F88207C-1764-4DEC-A9D5-83FBA04B0124}.Release|Any CPU.ActiveCfg = Release|Any CPU
		{2F88207C-1764-4DEC-A9D5-83FBA04B0124}.Release|Any CPU.Build.0 = Release|Any CPU
		{A3809BEA-CD4A-4183-828B-71DF583C7824}.Debug|Any CPU.ActiveCfg = Debug|Any CPU
		{A3809BEA-CD4A-4183-828B-71DF583C7824}.Debug|Any CPU.Build.0 = Debug|Any CPU
		{A3809BEA-CD4A-4183-828B-71DF583C7824}.Release|Any CPU.ActiveCfg = Release|Any CPU
		{A3809BEA-CD4A-4183-828B-71DF583C7824}.Release|Any CPU.Build.0 = Release|Any CPU
	EndGlobalSection
	GlobalSection(SolutionProperties) = preSolution
		HideSolutionNode = FALSE
	EndGlobalSection
	GlobalSection(ExtensibilityGlobals) = postSolution
		SolutionGuid = {B18512C4-2BEE-4A9C-9AB4-EC378CA7BA6A}
	EndGlobalSection
EndGlobal
